<?xml version="1.0" encoding="utf-8"?>
<Project ToolsVersion="4.0" xmlns="http://schemas.microsoft.com/developer/msbuild/2003">
  <ItemGroup>
    <Filter Include="源文件">
      <UniqueIdentifier>{4FC737F1-C7A5-4376-A066-2A32D752A2FF}</UniqueIdentifier>
      <Extensions>cpp;c;cc;cxx;c++;cppm;ixx;def;odl;idl;hpj;bat;asm;asmx</Extensions>
    </Filter>
    <Filter Include="头文件">
      <UniqueIdentifier>{93995380-89BD-4b04-88EB-625FBE52EBFB}</UniqueIdentifier>
      <Extensions>h;hh;hpp;hxx;h++;hm;inl;inc;ipp;xsd</Extensions>
    </Filter>
    <Filter Include="资源文件">
      <UniqueIdentifier>{67DA6AB6-F800-4c08-8B7A-83BB121AAD01}</UniqueIdentifier>
      <Extensions>rc;ico;cur;bmp;dlg;rc2;rct;bin;rgs;gif;jpg;jpeg;jpe;resx;tiff;tif;png;wav;mfcribbon-ms</Extensions>
    </Filter>
  </ItemGroup>
  <ItemGroup>
    <ClCompile Include="main.cpp">
      <Filter>源文件</Filter>
    </ClCompile>
    <ClCompile Include="Algorithm.cpp">
      <Filter>源文件</Filter>
    </ClCompile>
    <ClCompile Include="BaseModel.cpp">
      <Filter>源文件</Filter>
    </ClCompile>
    <ClCompile Include="BBTree.cpp">
      <Filter>源文件</Filter>
    </ClCompile>
    <ClCompile Include="BranchRule.cpp">
      <Filter>源文件</Filter>
    </ClCompile>
    <ClCompile Include="Column.cpp">
      <Filter>源文件</Filter>
    </ClCompile>
    <ClCompile Include="ColumnGeneration.cpp">
      <Filter>源文件</Filter>
    </ClCompile>
    <ClCompile Include="GRB.cpp">
      <Filter>源文件</Filter>
    </ClCompile>
    <ClCompile Include="InitColumns.cpp">
      <Filter>源文件</Filter>
    </ClCompile>
    <ClCompile Include="Labelling.cpp">
      <Filter>源文件</Filter>
    </ClCompile>
    <ClCompile Include="MasterModel.cpp">
      <Filter>源文件</Filter>
    </ClCompile>
    <ClCompile Include="Material.cpp">
      <Filter>源文件</Filter>
    </ClCompile>
    <ClCompile Include="MathModel.cpp">
      <Filter>源文件</Filter>
    </ClCompile>
    <ClCompile Include="Node.cpp">
      <Filter>源文件</Filter>
    </ClCompile>
    <ClCompile Include="Problem.cpp">
      <Filter>源文件</Filter>
    </ClCompile>
    <ClCompile Include="Solution.cpp">
      <Filter>源文件</Filter>
    </ClCompile>
    <ClCompile Include="SPmodel.cpp">
      <Filter>源文件</Filter>
    </ClCompile>
    <ClCompile Include="StopWatch.cpp">
      <Filter>源文件</Filter>
    </ClCompile>
    <ClCompile Include="SubProblem.cpp">
      <Filter>源文件</Filter>
    </ClCompile>
  </ItemGroup>
  <ItemGroup>
    <ClInclude Include="Algorithm.h">
      <Filter>头文件</Filter>
    </ClInclude>
    <ClInclude Include="Attribute.h">
      <Filter>头文件</Filter>
    </ClInclude>
    <ClInclude Include="BaseModel.h">
      <Filter>头文件</Filter>
    </ClInclude>
    <ClInclude Include="BBTree.h">
      <Filter>头文件</Filter>
    </ClInclude>
    <ClInclude Include="BranchRule.h">
      <Filter>头文件</Filter>
    </ClInclude>
    <ClInclude Include="Column.h">
      <Filter>头文件</Filter>
    </ClInclude>
    <ClInclude Include="ColumnGeneration.h">
      <Filter>头文件</Filter>
    </ClInclude>
    <ClInclude Include="GRB.h">
      <Filter>头文件</Filter>
    </ClInclude>
    <ClInclude Include="InitColumns.h">
      <Filter>头文件</Filter>
    </ClInclude>
    <ClInclude Include="Labelling.h">
      <Filter>头文件</Filter>
    </ClInclude>
    <ClInclude Include="MasterProblem.h">
      <Filter>头文件</Filter>
    </ClInclude>
    <ClInclude Include="Material.h">
      <Filter>头文件</Filter>
    </ClInclude>
    <ClInclude Include="MathModel.h">
      <Filter>头文件</Filter>
    </ClInclude>
    <ClInclude Include="Node.h">
      <Filter>头文件</Filter>
    </ClInclude>
    <ClInclude Include="Parameters.h">
      <Filter>头文件</Filter>
    </ClInclude>
    <ClInclude Include="Problem.h">
      <Filter>头文件</Filter>
    </ClInclude>
    <ClInclude Include="Solution.h">
      <Filter>头文件</Filter>
    </ClInclude>
    <ClInclude Include="SPmodel.h">
      <Filter>头文件</Filter>
    </ClInclude>
    <ClInclude Include="Stopwatch.h">
      <Filter>头文件</Filter>
    </ClInclude>
    <ClInclude Include="SubProblem.h">
      <Filter>头文件</Filter>
    </ClInclude>
    <ClInclude Include="Tool.h">
      <Filter>头文件</Filter>
    </ClInclude>
  </ItemGroup>
</Project>